
Microsoft Visual Studio Solution File, Format Version 12.00
# Visual Studio Version 16
VisualStudioVersion = 16.0.810.19
MinimumVisualStudioVersion = 10.0.40219.1
Project("{FAE04EC0-301F-11D3-BF4B-00C04F79EFBC}") = "slutuppdrag.cs", "slutuppdrag.cs\slutuppdrag.cs.csproj", "{77D9990D-45F0-4956-B36F-C677CED92CC6}"
EndProject
Global
	GlobalSection(SolutionConfigurationPlatforms) = preSolution
		Debug|anycpu = Debug|anycpu
		Release|anycpu = Release|anycpu
	EndGlobalSection
	GlobalSection(ProjectConfigurationPlatforms) = postSolution
		{77D9990D-45F0-4956-B36F-C677CED92CC6}.Debug|anycpu.ActiveCfg = Debug|anycpu
		{77D9990D-45F0-4956-B36F-C677CED92CC6}.Debug|anycpu.Build.0 = Debug|anycpu
		{77D9990D-45F0-4956-B36F-C677CED92CC6}.Release|anycpu.ActiveCfg = Release|anycpu
		{77D9990D-45F0-4956-B36F-C677CED92CC6}.Release|anycpu.Build.0 = Release|anycpu
	EndGlobalSection
	GlobalSection(SolutionProperties) = preSolution
		HideSolutionNode = FALSE
	EndGlobalSection
	GlobalSection(ExtensibilityGlobals) = postSolution
		SolutionGuid = {E799AFB1-9DA2-4594-87FE-B4A76650054A}
	EndGlobalSection
EndGlobal
